
Microsoft Visual Studio Solution File, Format Version 12.00
# Visual Studio 15
VisualStudioVersion = 15.0.28010.2050
MinimumVisualStudioVersion = 10.0.40219.1
Project("{FAE04EC0-301F-11D3-BF4B-00C04F79EFBC}") = "Egnyte.Api.Tests", "Egnyte.Api.Tests\Egnyte.Api.Tests.csproj", "{A2B13ED0-A42E-44B2-9721-88E2B523CAA6}"
EndProject
Project("{9A19103F-16F7-4668-BE54-9A1E7A4F7556}") = "Egnyte.CoreApi", "Egnyte.Api\Egnyte.CoreApi.csproj", "{33A41CCB-1960-4B62-8070-06D5463EC5E7}"
EndProject
Global
	GlobalSection(SolutionConfigurationPlatforms) = preSolution
		Debug|Any CPU = Debug|Any CPU
		Release|Any CPU = Release|Any CPU
	EndGlobalSection
	GlobalSection(ProjectConfigurationPlatforms) = postSolution
		{A2B13ED0-A42E-44B2-9721-88E2B523CAA6}.Debug|Any CPU.ActiveCfg = Debug|Any CPU
		{A2B13ED0-A42E-44B2-9721-88E2B523CAA6}.Debug|Any CPU.Build.0 = Debug|Any CPU
		{A2B13ED0-A42E-44B2-9721-88E2B523CAA6}.Release|Any CPU.ActiveCfg = Release|Any CPU
		{A2B13ED0-A42E-44B2-9721-88E2B523CAA6}.Release|Any CPU.Build.0 = Release|Any CPU
		{33A41CCB-1960-4B62-8070-06D5463EC5E7}.Debug|Any CPU.ActiveCfg = Debug|Any CPU
		{33A41CCB-1960-4B62-8070-06D5463EC5E7}.Debug|Any CPU.Build.0 = Debug|Any CPU
		{33A41CCB-1960-4B62-8070-06D5463EC5E7}.Release|Any CPU.ActiveCfg = Release|Any CPU
		{33A41CCB-1960-4B62-8070-06D5463EC5E7}.Release|Any CPU.Build.0 = Release|Any CPU
	EndGlobalSection
	GlobalSection(SolutionProperties) = preSolution
		HideSolutionNode = FALSE
	EndGlobalSection
	GlobalSection(ExtensibilityGlobals) = postSolution
		SolutionGuid = {631B08E1-0B3C-4D64-A492-58874E013909}
	EndGlobalSection
EndGlobal
